PODS:
  - Expecta (1.0.5)
  - KIF (3.3.1):
    - KIF/Core (= 3.3.1)
  - KIF/Core (3.3.1)
  - KIF/IdentifierTests (3.3.1):
    - KIF/Core

DEPENDENCIES:
  - Expecta (~> 1.0)
  - KIF (~> 3.0)
  - KIF/IdentifierTests (~> 3.0)

SPEC CHECKSUMS:
  Expecta: e1c022fcd33910b6be89c291d2775b3fe27a89fe
  KIF: ff9f0e585503871bcd096937cc760081d770c5e2

COCOAPODS: 0.37.2
