// !$*UTF8*$!
{
	archiveVersion = 1;
	classes = {
	};
	objectVersion = 46;
	objects = {

/* Begin PBXBuildFile section */
		5007E2A019A8D7EC002DFDC9 /* TBSwitchRow.m in Sources */ = {isa = PBXBuildFile; fileRef = 5007E29F19A8D7EC002DFDC9 /* TBSwitchRow.m */; };
		5007E2A319A8D92D002DFDC9 /* TBSwitchTableViewCell.m in Sources */ = {isa = PBXBuildFile; fileRef = 5007E2A219A8D92D002DFDC9 /* TBSwitchTableViewCell.m */; };
		5048F5D119911E6000E746DD /* SampleTableViewController1.m in Sources */ = {isa = PBXBuildFile; fileRef = 5048F5D019911E6000E746DD /* SampleTableViewController1.m */; };
		5048F5D419911EC500E746DD /* TBButtonRow.m in Sources */ = {isa = PBXBuildFile; fileRef = 5048F5D319911EC500E746DD /* TBButtonRow.m */; };
		5048F5D71991205300E746DD /* TBButtonTableViewCell.m in Sources */ = {isa = PBXBuildFile; fileRef = 5048F5D61991205300E746DD /* TBButtonTableViewCell.m */; };
		5068B9091999EA1E007C7B69 /* TBTableViewCell.m in Sources */ = {isa = PBXBuildFile; fileRef = 5068B9081999EA1E007C7B69 /* TBTableViewCell.m */; };
		5068B90C1999F0CB007C7B69 /* TBLabelTableViewCell.m in Sources */ = {isa = PBXBuildFile; fileRef = 5068B90B1999F0CB007C7B69 /* TBLabelTableViewCell.m */; };
		50E09F6419925F3200911E02 /* TBLabelRow.m in Sources */ = {isa = PBXBuildFile; fileRef = 50E09F6319925F3200911E02 /* TBLabelRow.m */; };
		50E92DAE198E2D5600D6C224 /* Foundation.framework in Frameworks */ = {isa = PBXBuildFile; fileRef = 50E92DAD198E2D5600D6C224 /* Foundation.framework */; };
		50E92DB0198E2D5600D6C224 /* CoreGraphics.framework in Frameworks */ = {isa = PBXBuildFile; fileRef = 50E92DAF198E2D5600D6C224 /* CoreGraphics.framework */; };
		50E92DB2198E2D5600D6C224 /* UIKit.framework in Frameworks */ = {isa = PBXBuildFile; fileRef = 50E92DB1198E2D5600D6C224 /* UIKit.framework */; };
		50E92DB8198E2D5600D6C224 /* InfoPlist.strings in Resources */ = {isa = PBXBuildFile; fileRef = 50E92DB6198E2D5600D6C224 /* InfoPlist.strings */; };
		50E92DBA198E2D5600D6C224 /* main.m in Sources */ = {isa = PBXBuildFile; fileRef = 50E92DB9198E2D5600D6C224 /* main.m */; };
		50E92DBE198E2D5600D6C224 /* AppDelegate.m in Sources */ = {isa = PBXBuildFile; fileRef = 50E92DBD198E2D5600D6C224 /* AppDelegate.m */; };
		50E92DC0198E2D5600D6C224 /* Images.xcassets in Resources */ = {isa = PBXBuildFile; fileRef = 50E92DBF198E2D5600D6C224 /* Images.xcassets */; };
		50E92DC7198E2D5600D6C224 /* XCTest.framework in Frameworks */ = {isa = PBXBuildFile; fileRef = 50E92DC6198E2D5600D6C224 /* XCTest.framework */; };
		50E92DC8198E2D5600D6C224 /* Foundation.framework in Frameworks */ = {isa = PBXBuildFile; fileRef = 50E92DAD198E2D5600D6C224 /* Foundation.framework */; };
		50E92DC9198E2D5600D6C224 /* UIKit.framework in Frameworks */ = {isa = PBXBuildFile; fileRef = 50E92DB1198E2D5600D6C224 /* UIKit.framework */; };
		50E92DD1198E2D5600D6C224 /* InfoPlist.strings in Resources */ = {isa = PBXBuildFile; fileRef = 50E92DCF198E2D5600D6C224 /* InfoPlist.strings */; };
		50E92DD3198E2D5600D6C224 /* TableViewBuddyExampleTests.m in Sources */ = {isa = PBXBuildFile; fileRef = 50E92DD2198E2D5600D6C224 /* TableViewBuddyExampleTests.m */; };
		50E92DDF198E2FDF00D6C224 /* TBTableData.m in Sources */ = {isa = PBXBuildFile; fileRef = 50E92DDE198E2FDF00D6C224 /* TBTableData.m */; };
		50E92DE8198E328000D6C224 /* TBTableDataContext.m in Sources */ = {isa = PBXBuildFile; fileRef = 50E92DE7198E328000D6C224 /* TBTableDataContext.m */; };
		50E92DF8198E61B300D6C224 /* TBTableDataRow.m in Sources */ = {isa = PBXBuildFile; fileRef = 50E92DF5198E61B300D6C224 /* TBTableDataRow.m */; };
		50E92DF9198E61B300D6C224 /* TBTableDataSection.m in Sources */ = {isa = PBXBuildFile; fileRef = 50E92DF7198E61B300D6C224 /* TBTableDataSection.m */; };
/* End PBXBuildFile section */

/* Begin PBXContainerItemProxy section */
		50E92DCA198E2D5600D6C224 /* PBXContainerItemProxy */ = {
			isa = PBXContainerItemProxy;
			containerPortal = 50E92DA2198E2D5600D6C224 /* Project object */;
			proxyType = 1;
			remoteGlobalIDString = 50E92DA9198E2D5600D6C224;
			remoteInfo = TableViewBuddyExample;
		};
/* End PBXContainerItemProxy section */

/* Begin PBXFileReference section */
		5007E29E19A8D7EC002DFDC9 /* TBSwitchRow.h */ = {isa = PBXFileReference; fileEncoding = 4; lastKnownFileType = sourcecode.c.h; path = TBSwitchRow.h; sourceTree = "<group>"; };
		5007E29F19A8D7EC002DFDC9 /* TBSwitchRow.m */ = {isa = PBXFileReference; fileEncoding = 4; lastKnownFileType = sourcecode.c.objc; path = TBSwitchRow.m; sourceTree = "<group>"; };
		5007E2A119A8D92D002DFDC9 /* TBSwitchTableViewCell.h */ = {isa = PBXFileReference; fileEncoding = 4; lastKnownFileType = sourcecode.c.h; path = TBSwitchTableViewCell.h; sourceTree = "<group>"; };
		5007E2A219A8D92D002DFDC9 /* TBSwitchTableViewCell.m */ = {isa = PBXFileReference; fileEncoding = 4; lastKnownFileType = sourcecode.c.objc; path = TBSwitchTableViewCell.m; sourceTree = "<group>"; };
		5048F5CF19911E6000E746DD /* SampleTableViewController1.h */ = {isa = PBXFileReference; fileEncoding = 4; lastKnownFileType = sourcecode.c.h; path = SampleTableViewController1.h; sourceTree = "<group>"; };
		5048F5D019911E6000E746DD /* SampleTableViewController1.m */ = {isa = PBXFileReference; fileEncoding = 4; lastKnownFileType = sourcecode.c.objc; path = SampleTableViewController1.m; sourceTree = "<group>"; };
		5048F5D219911EC500E746DD /* TBButtonRow.h */ = {isa = PBXFileReference; fileEncoding = 4; lastKnownFileType = sourcecode.c.h; path = TBButtonRow.h; sourceTree = "<group>"; };
		5048F5D319911EC500E746DD /* TBButtonRow.m */ = {isa = PBXFileReference; fileEncoding = 4; lastKnownFileType = sourcecode.c.objc; path = TBButtonRow.m; sourceTree = "<group>"; };
		5048F5D51991205300E746DD /* TBButtonTableViewCell.h */ = {isa = PBXFileReference; fileEncoding = 4; lastKnownFileType = sourcecode.c.h; path = TBButtonTableViewCell.h; sourceTree = "<group>"; };
		5048F5D61991205300E746DD /* TBButtonTableViewCell.m */ = {isa = PBXFileReference; fileEncoding = 4; lastKnownFileType = sourcecode.c.objc; path = TBButtonTableViewCell.m; sourceTree = "<group>"; };
		5048F5D8199120CE00E746DD /* TBSystemVersion.h */ = {isa = PBXFileReference; lastKnownFileType = sourcecode.c.h; path = TBSystemVersion.h; sourceTree = "<group>"; };
		5068B9071999EA1E007C7B69 /* TBTableViewCell.h */ = {isa = PBXFileReference; fileEncoding = 4; lastKnownFileType = sourcecode.c.h; path = TBTableViewCell.h; sourceTree = "<group>"; };
		5068B9081999EA1E007C7B69 /* TBTableViewCell.m */ = {isa = PBXFileReference; fileEncoding = 4; lastKnownFileType = sourcecode.c.objc; path = TBTableViewCell.m; sourceTree = "<group>"; };
		5068B90A1999F0CB007C7B69 /* TBLabelTableViewCell.h */ = {isa = PBXFileReference; fileEncoding = 4; lastKnownFileType = sourcecode.c.h; path = TBLabelTableViewCell.h; sourceTree = "<group>"; };
		5068B90B1999F0CB007C7B69 /* TBLabelTableViewCell.m */ = {isa = PBXFileReference; fileEncoding = 4; lastKnownFileType = sourcecode.c.objc; path = TBLabelTableViewCell.m; sourceTree = "<group>"; };
		50E09F6219925F3200911E02 /* TBLabelRow.h */ = {isa = PBXFileReference; fileEncoding = 4; lastKnownFileType = sourcecode.c.h; path = TBLabelRow.h; sourceTree = "<group>"; };
		50E09F6319925F3200911E02 /* TBLabelRow.m */ = {isa = PBXFileReference; fileEncoding = 4; lastKnownFileType = sourcecode.c.objc; path = TBLabelRow.m; sourceTree = "<group>"; };
		50E92DAA198E2D5600D6C224 /* TableViewBuddyExample.app */ = {isa = PBXFileReference; explicitFileType = wrapper.application; includeInIndex = 0; path = TableViewBuddyExample.app; sourceTree = BUILT_PRODUCTS_DIR; };
		50E92DAD198E2D5600D6C224 /* Foundation.framework */ = {isa = PBXFileReference; lastKnownFileType = wrapper.framework; name = Foundation.framework; path = System/Library/Frameworks/Foundation.framework; sourceTree = SDKROOT; };
		50E92DAF198E2D5600D6C224 /* CoreGraphics.framework */ = {isa = PBXFileReference; lastKnownFileType = wrapper.framework; name = CoreGraphics.framework; path = System/Library/Frameworks/CoreGraphics.framework; sourceTree = SDKROOT; };
		50E92DB1198E2D5600D6C224 /* UIKit.framework */ = {isa = PBXFileReference; lastKnownFileType = wrapper.framework; name = UIKit.framework; path = System/Library/Frameworks/UIKit.framework; sourceTree = SDKROOT; };
		50E92DB5198E2D5600D6C224 /* TableViewBuddyExample-Info.plist */ = {isa = PBXFileReference; lastKnownFileType = text.plist.xml; path = "TableViewBuddyExample-Info.plist"; sourceTree = "<group>"; };
		50E92DB7198E2D5600D6C224 /* en */ = {isa = PBXFileReference; lastKnownFileType = text.plist.strings; name = en; path = en.lproj/InfoPlist.strings; sourceTree = "<group>"; };
		50E92DB9198E2D5600D6C224 /* main.m */ = {isa = PBXFileReference; lastKnownFileType = sourcecode.c.objc; path = main.m; sourceTree = "<group>"; };
		50E92DBB198E2D5600D6C224 /* TableViewBuddyExample-Prefix.pch */ = {isa = PBXFileReference; lastKnownFileType = sourcecode.c.h; path = "TableViewBuddyExample-Prefix.pch"; sourceTree = "<group>"; };
		50E92DBC198E2D5600D6C224 /* AppDelegate.h */ = {isa = PBXFileReference; lastKnownFileType = sourcecode.c.h; path = AppDelegate.h; sourceTree = "<group>"; };
		50E92DBD198E2D5600D6C224 /* AppDelegate.m */ = {isa = PBXFileReference; lastKnownFileType = sourcecode.c.objc; path = AppDelegate.m; sourceTree = "<group>"; };
		50E92DBF198E2D5600D6C224 /* Images.xcassets */ = {isa = PBXFileReference; lastKnownFileType = folder.assetcatalog; path = Images.xcassets; sourceTree = "<group>"; };
		50E92DC5198E2D5600D6C224 /* TableViewBuddyExampleTests.xctest */ = {isa = PBXFileReference; explicitFileType = wrapper.cfbundle; includeInIndex = 0; path = TableViewBuddyExampleTests.xctest; sourceTree = BUILT_PRODUCTS_DIR; };
		50E92DC6198E2D5600D6C224 /* XCTest.framework */ = {isa = PBXFileReference; lastKnownFileType = wrapper.framework; name = XCTest.framework; path = Library/Frameworks/XCTest.framework; sourceTree = DEVELOPER_DIR; };
		50E92DCE198E2D5600D6C224 /* TableViewBuddyExampleTests-Info.plist */ = {isa = PBXFileReference; lastKnownFileType = text.plist.xml; path = "TableViewBuddyExampleTests-Info.plist"; sourceTree = "<group>"; };
		50E92DD0198E2D5600D6C224 /* en */ = {isa = PBXFileReference; lastKnownFileType = text.plist.strings; name = en; path = en.lproj/InfoPlist.strings; sourceTree = "<group>"; };
		50E92DD2198E2D5600D6C224 /* TableViewBuddyExampleTests.m */ = {isa = PBXFileReference; lastKnownFileType = sourcecode.c.objc; path = TableViewBuddyExampleTests.m; sourceTree = "<group>"; };
		50E92DDD198E2FDF00D6C224 /* TBTableData.h */ = {isa = PBXFileReference; fileEncoding = 4; lastKnownFileType = sourcecode.c.h; path = TBTableData.h; sourceTree = "<group>"; };
		50E92DDE198E2FDF00D6C224 /* TBTableData.m */ = {isa = PBXFileReference; fileEncoding = 4; lastKnownFileType = sourcecode.c.objc; path = TBTableData.m; sourceTree = "<group>"; };
		50E92DE6198E328000D6C224 /* TBTableDataContext.h */ = {isa = PBXFileReference; fileEncoding = 4; lastKnownFileType = sourcecode.c.h; path = TBTableDataContext.h; sourceTree = "<group>"; };
		50E92DE7198E328000D6C224 /* TBTableDataContext.m */ = {isa = PBXFileReference; fileEncoding = 4; lastKnownFileType = sourcecode.c.objc; path = TBTableDataContext.m; sourceTree = "<group>"; };
		50E92DF4198E61B300D6C224 /* TBTableDataRow.h */ = {isa = PBXFileReference; fileEncoding = 4; lastKnownFileType = sourcecode.c.h; path = TBTableDataRow.h; sourceTree = "<group>"; };
		50E92DF5198E61B300D6C224 /* TBTableDataRow.m */ = {isa = PBXFileReference; fileEncoding = 4; lastKnownFileType = sourcecode.c.objc; path = TBTableDataRow.m; sourceTree = "<group>"; };
		50E92DF6198E61B300D6C224 /* TBTableDataSection.h */ = {isa = PBXFileReference; fileEncoding = 4; lastKnownFileType = sourcecode.c.h; path = TBTableDataSection.h; sourceTree = "<group>"; };
		50E92DF7198E61B300D6C224 /* TBTableDataSection.m */ = {isa = PBXFileReference; fileEncoding = 4; lastKnownFileType = sourcecode.c.objc; path = TBTableDataSection.m; sourceTree = "<group>"; };
		50E92DFB198E636000D6C224 /* TBTableData_Internal.h */ = {isa = PBXFileReference; fileEncoding = 4; lastKnownFileType = sourcecode.c.h; path = TBTableData_Internal.h; sourceTree = "<group>"; };
		50E92DFE198E63FE00D6C224 /* TBTableDataSection_Internal.h */ = {isa = PBXFileReference; fileEncoding = 4; lastKnownFileType = sourcecode.c.h; path = TBTableDataSection_Internal.h; sourceTree = "<group>"; };
		50E92E01198E652900D6C224 /* TBTableDataRow_Internal.h */ = {isa = PBXFileReference; fileEncoding = 4; lastKnownFileType = sourcecode.c.h; path = TBTableDataRow_Internal.h; sourceTree = "<group>"; };
		50E92E04198E65C100D6C224 /* TBUpdateStatus.h */ = {isa = PBXFileReference; fileEncoding = 4; lastKnownFileType = sourcecode.c.h; path = TBUpdateStatus.h; sourceTree = "<group>"; };
		50E92E05198E75A600D6C224 /* TBTableDataContext_Internal.h */ = {isa = PBXFileReference; lastKnownFileType = sourcecode.c.h; path = TBTableDataContext_Internal.h; sourceTree = "<group>"; };
		50E92E06198E7CA900D6C224 /* TableViewBuddy.h */ = {isa = PBXFileReference; fileEncoding = 4; lastKnownFileType = sourcecode.c.h; path = TableViewBuddy.h; sourceTree = "<group>"; };
/* End PBXFileReference section */

/* Begin PBXFrameworksBuildPhase section */
		50E92DA7198E2D5600D6C224 /* Frameworks */ = {
			isa = PBXFrameworksBuildPhase;
			buildActionMask = 2147483647;
			files = (
				50E92DB0198E2D5600D6C224 /* CoreGraphics.framework in Frameworks */,
				50E92DB2198E2D5600D6C224 /* UIKit.framework in Frameworks */,
				50E92DAE198E2D5600D6C224 /* Foundation.framework in Frameworks */,
			);
			runOnlyForDeploymentPostprocessing = 0;
		};
		50E92DC2198E2D5600D6C224 /* Frameworks */ = {
			isa = PBXFrameworksBuildPhase;
			buildActionMask = 2147483647;
			files = (
				50E92DC7198E2D5600D6C224 /* XCTest.framework in Frameworks */,
				50E92DC9198E2D5600D6C224 /* UIKit.framework in Frameworks */,
				50E92DC8198E2D5600D6C224 /* Foundation.framework in Frameworks */,
			);
			runOnlyForDeploymentPostprocessing = 0;
		};
/* End PBXFrameworksBuildPhase section */

/* Begin PBXGroup section */
		50E92DA1198E2D5600D6C224 = {
			isa = PBXGroup;
			children = (
				50E92DDC198E2E4B00D6C224 /* TableViewBuddy */,
				50E92DB3198E2D5600D6C224 /* TableViewBuddyExample */,
				50E92DCC198E2D5600D6C224 /* TableViewBuddyExampleTests */,
				50E92DAC198E2D5600D6C224 /* Frameworks */,
				50E92DAB198E2D5600D6C224 /* Products */,
			);
			sourceTree = "<group>";
		};
		50E92DAB198E2D5600D6C224 /* Products */ = {
			isa = PBXGroup;
			children = (
				50E92DAA198E2D5600D6C224 /* TableViewBuddyExample.app */,
				50E92DC5198E2D5600D6C224 /* TableViewBuddyExampleTests.xctest */,
			);
			name = Products;
			sourceTree = "<group>";
		};
		50E92DAC198E2D5600D6C224 /* Frameworks */ = {
			isa = PBXGroup;
			children = (
				50E92DAD198E2D5600D6C224 /* Foundation.framework */,
				50E92DAF198E2D5600D6C224 /* CoreGraphics.framework */,
				50E92DB1198E2D5600D6C224 /* UIKit.framework */,
				50E92DC6198E2D5600D6C224 /* XCTest.framework */,
			);
			name = Frameworks;
			sourceTree = "<group>";
		};
		50E92DB3198E2D5600D6C224 /* TableViewBuddyExample */ = {
			isa = PBXGroup;
			children = (
				50E92DBC198E2D5600D6C224 /* AppDelegate.h */,
				50E92DBD198E2D5600D6C224 /* AppDelegate.m */,
				5048F5CF19911E6000E746DD /* SampleTableViewController1.h */,
				5048F5D019911E6000E746DD /* SampleTableViewController1.m */,
				50E92DBF198E2D5600D6C224 /* Images.xcassets */,
				50E92DB4198E2D5600D6C224 /* Supporting Files */,
			);
			path = TableViewBuddyExample;
			sourceTree = "<group>";
		};
		50E92DB4198E2D5600D6C224 /* Supporting Files */ = {
			isa = PBXGroup;
			children = (
				50E92DB5198E2D5600D6C224 /* TableViewBuddyExample-Info.plist */,
				50E92DB6198E2D5600D6C224 /* InfoPlist.strings */,
				50E92DB9198E2D5600D6C224 /* main.m */,
				50E92DBB198E2D5600D6C224 /* TableViewBuddyExample-Prefix.pch */,
			);
			name = "Supporting Files";
			sourceTree = "<group>";
		};
		50E92DCC198E2D5600D6C224 /* TableViewBuddyExampleTests */ = {
			isa = PBXGroup;
			children = (
				50E92DD2198E2D5600D6C224 /* TableViewBuddyExampleTests.m */,
				50E92DCD198E2D5600D6C224 /* Supporting Files */,
			);
			path = TableViewBuddyExampleTests;
			sourceTree = "<group>";
		};
		50E92DCD198E2D5600D6C224 /* Supporting Files */ = {
			isa = PBXGroup;
			children = (
				50E92DCE198E2D5600D6C224 /* TableViewBuddyExampleTests-Info.plist */,
				50E92DCF198E2D5600D6C224 /* InfoPlist.strings */,
			);
			name = "Supporting Files";
			sourceTree = "<group>";
		};
		50E92DDC198E2E4B00D6C224 /* TableViewBuddy */ = {
			isa = PBXGroup;
			children = (
				50E92DFA198E625600D6C224 /* internal */,
				50E92E06198E7CA900D6C224 /* TableViewBuddy.h */,
				5048F5D219911EC500E746DD /* TBButtonRow.h */,
				5048F5D319911EC500E746DD /* TBButtonRow.m */,
				5048F5D51991205300E746DD /* TBButtonTableViewCell.h */,
				5048F5D61991205300E746DD /* TBButtonTableViewCell.m */,
				50E09F6219925F3200911E02 /* TBLabelRow.h */,
				50E09F6319925F3200911E02 /* TBLabelRow.m */,
				5068B90A1999F0CB007C7B69 /* TBLabelTableViewCell.h */,
				5068B90B1999F0CB007C7B69 /* TBLabelTableViewCell.m */,
				5007E29E19A8D7EC002DFDC9 /* TBSwitchRow.h */,
				5007E29F19A8D7EC002DFDC9 /* TBSwitchRow.m */,
				5007E2A119A8D92D002DFDC9 /* TBSwitchTableViewCell.h */,
				5007E2A219A8D92D002DFDC9 /* TBSwitchTableViewCell.m */,
				5048F5D8199120CE00E746DD /* TBSystemVersion.h */,
				50E92DDD198E2FDF00D6C224 /* TBTableData.h */,
				50E92DDE198E2FDF00D6C224 /* TBTableData.m */,
				50E92DE6198E328000D6C224 /* TBTableDataContext.h */,
				50E92DE7198E328000D6C224 /* TBTableDataContext.m */,
				50E92DF4198E61B300D6C224 /* TBTableDataRow.h */,
				50E92DF5198E61B300D6C224 /* TBTableDataRow.m */,
				50E92DF6198E61B300D6C224 /* TBTableDataSection.h */,
				50E92DF7198E61B300D6C224 /* TBTableDataSection.m */,
				5068B9071999EA1E007C7B69 /* TBTableViewCell.h */,
				5068B9081999EA1E007C7B69 /* TBTableViewCell.m */,
			);
			name = TableViewBuddy;
			path = ../TableViewBuddy;
			sourceTree = "<group>";
		};
		50E92DFA198E625600D6C224 /* internal */ = {
			isa = PBXGroup;
			children = (
				50E92DFB198E636000D6C224 /* TBTableData_Internal.h */,
				50E92E05198E75A600D6C224 /* TBTableDataContext_Internal.h */,
				50E92E01198E652900D6C224 /* TBTableDataRow_Internal.h */,
				50E92DFE198E63FE00D6C224 /* TBTableDataSection_Internal.h */,
				50E92E04198E65C100D6C224 /* TBUpdateStatus.h */,
			);
			path = internal;
			sourceTree = "<group>";
		};
/* End PBXGroup section */

/* Begin PBXNativeTarget section */
		50E92DA9198E2D5600D6C224 /* TableViewBuddyExample */ = {
			isa = PBXNativeTarget;
			buildConfigurationList = 50E92DD6198E2D5600D6C224 /* Build configuration list for PBXNativeTarget "TableViewBuddyExample" */;
			buildPhases = (
				50E92DA6198E2D5600D6C224 /* Sources */,
				50E92DA7198E2D5600D6C224 /* Frameworks */,
				50E92DA8198E2D5600D6C224 /* Resources */,
			);
			buildRules = (
			);
			dependencies = (
			);
			name = TableViewBuddyExample;
			productName = TableViewBuddyExample;
			productReference = 50E92DAA198E2D5600D6C224 /* TableViewBuddyExample.app */;
			productType = "com.apple.product-type.application";
		};
		50E92DC4198E2D5600D6C224 /* TableViewBuddyExampleTests */ = {
			isa = PBXNativeTarget;
			buildConfigurationList = 50E92DD9198E2D5600D6C224 /* Build configuration list for PBXNativeTarget "TableViewBuddyExampleTests" */;
			buildPhases = (
				50E92DC1198E2D5600D6C224 /* Sources */,
				50E92DC2198E2D5600D6C224 /* Frameworks */,
				50E92DC3198E2D5600D6C224 /* Resources */,
			);
			buildRules = (
			);
			dependencies = (
				50E92DCB198E2D5600D6C224 /* PBXTargetDependency */,
			);
			name = TableViewBuddyExampleTests;
			productName = TableViewBuddyExampleTests;
			productReference = 50E92DC5198E2D5600D6C224 /* TableViewBuddyExampleTests.xctest */;
			productType = "com.apple.product-type.bundle.unit-test";
		};
/* End PBXNativeTarget section */

/* Begin PBXProject section */
		50E92DA2198E2D5600D6C224 /* Project object */ = {
			isa = PBXProject;
			attributes = {
				LastUpgradeCheck = 0510;
				ORGANIZATIONNAME = Hironytic;
				TargetAttributes = {
					50E92DC4198E2D5600D6C224 = {
						TestTargetID = 50E92DA9198E2D5600D6C224;
					};
				};
			};
			buildConfigurationList = 50E92DA5198E2D5600D6C224 /* Build configuration list for PBXProject "TableViewBuddyExample" */;
			compatibilityVersion = "Xcode 3.2";
			developmentRegion = English;
			hasScannedForEncodings = 0;
			knownRegions = (
				en,
			);
			mainGroup = 50E92DA1198E2D5600D6C224;
			productRefGroup = 50E92DAB198E2D5600D6C224 /* Products */;
			projectDirPath = "";
			projectRoot = "";
			targets = (
				50E92DA9198E2D5600D6C224 /* TableViewBuddyExample */,
				50E92DC4198E2D5600D6C224 /* TableViewBuddyExampleTests */,
			);
		};
/* End PBXProject section */

/* Begin PBXResourcesBuildPhase section */
		50E92DA8198E2D5600D6C224 /* Resources */ = {
			isa = PBXResourcesBuildPhase;
			buildActionMask = 2147483647;
			files = (
				50E92DB8198E2D5600D6C224 /* InfoPlist.strings in Resources */,
				50E92DC0198E2D5600D6C224 /* Images.xcassets in Resources */,
			);
			runOnlyForDeploymentPostprocessing = 0;
		};
		50E92DC3198E2D5600D6C224 /* Resources */ = {
			isa = PBXResourcesBuildPhase;
			buildActionMask = 2147483647;
			files = (
				50E92DD1198E2D5600D6C224 /* InfoPlist.strings in Resources */,
			);
			runOnlyForDeploymentPostprocessing = 0;
		};
/* End PBXResourcesBuildPhase section */

/* Begin PBXSourcesBuildPhase section */
		50E92DA6198E2D5600D6C224 /* Sources */ = {
			isa = PBXSourcesBuildPhase;
			buildActionMask = 2147483647;
			files = (
				5048F5D119911E6000E746DD /* SampleTableViewController1.m in Sources */,
				50E92DE8198E328000D6C224 /* TBTableDataContext.m in Sources */,
				5068B90C1999F0CB007C7B69 /* TBLabelTableViewCell.m in Sources */,
				5048F5D419911EC500E746DD /* TBButtonRow.m in Sources */,
				50E92DF8198E61B300D6C224 /* TBTableDataRow.m in Sources */,
				50E92DBE198E2D5600D6C224 /* AppDelegate.m in Sources */,
				50E92DBA198E2D5600D6C224 /* main.m in Sources */,
				5007E2A319A8D92D002DFDC9 /* TBSwitchTableViewCell.m in Sources */,
				50E92DF9198E61B300D6C224 /* TBTableDataSection.m in Sources */,
				5007E2A019A8D7EC002DFDC9 /* TBSwitchRow.m in Sources */,
				5068B9091999EA1E007C7B69 /* TBTableViewCell.m in Sources */,
				50E09F6419925F3200911E02 /* TBLabelRow.m in Sources */,
				50E92DDF198E2FDF00D6C224 /* TBTableData.m in Sources */,
				5048F5D71991205300E746DD /* TBButtonTableViewCell.m in Sources */,
			);
			runOnlyForDeploymentPostprocessing = 0;
		};
		50E92DC1198E2D5600D6C224 /* Sources */ = {
			isa = PBXSourcesBuildPhase;
			buildActionMask = 2147483647;
			files = (
				50E92DD3198E2D5600D6C224 /* TableViewBuddyExampleTests.m in Sources */,
			);
			runOnlyForDeploymentPostprocessing = 0;
		};
/* End PBXSourcesBuildPhase section */

/* Begin PBXTargetDependency section */
		50E92DCB198E2D5600D6C224 /* PBXTargetDependency */ = {
			isa = PBXTargetDependency;
			target = 50E92DA9198E2D5600D6C224 /* TableViewBuddyExample */;
			targetProxy = 50E92DCA198E2D5600D6C224 /* PBXContainerItemProxy */;
		};
/* End PBXTargetDependency section */

/* Begin PBXVariantGroup section */
		50E92DB6198E2D5600D6C224 /* InfoPlist.strings */ = {
			isa = PBXVariantGroup;
			children = (
				50E92DB7198E2D5600D6C224 /* en */,
			);
			name = InfoPlist.strings;
			sourceTree = "<group>";
		};
		50E92DCF198E2D5600D6C224 /* InfoPlist.strings */ = {
			isa = PBXVariantGroup;
			children = (
				50E92DD0198E2D5600D6C224 /* en */,
			);
			name = InfoPlist.strings;
			sourceTree = "<group>";
		};
/* End PBXVariantGroup section */

/* Begin XCBuildConfiguration section */
		50E92DD4198E2D5600D6C224 /* Debug */ = {
			isa = XCBuildConfiguration;
			buildSettings = {
				ALWAYS_SEARCH_USER_PATHS = NO;
				CLANG_CXX_LANGUAGE_STANDARD = "gnu++0x";
				CLANG_CXX_LIBRARY = "libc++";
				CLANG_ENABLE_MODULES = YES;
				CLANG_ENABLE_OBJC_ARC = YES;
				CLANG_WARN_BOOL_CONVERSION = YES;
				CLANG_WARN_CONSTANT_CONVERSION = YES;
				CLANG_WARN_DIRECT_OBJC_ISA_USAGE = YES_ERROR;
				CLANG_WARN_EMPTY_BODY = YES;
				CLANG_WARN_ENUM_CONVERSION = YES;
				CLANG_WARN_INT_CONVERSION = YES;
				CLANG_WARN_OBJC_ROOT_CLASS = YES_ERROR;
				CLANG_WARN__DUPLICATE_METHOD_MATCH = YES;
				"CODE_SIGN_IDENTITY[sdk=iphoneos*]" = "iPhone Developer";
				COPY_PHASE_STRIP = NO;
				GCC_C_LANGUAGE_STANDARD = gnu99;
				GCC_DYNAMIC_NO_PIC = NO;
				GCC_OPTIMIZATION_LEVEL = 0;
				GCC_PREPROCESSOR_DEFINITIONS = (
					"DEBUG=1",
					"$(inherited)",
				);
				GCC_SYMBOLS_PRIVATE_EXTERN = NO;
				GCC_WARN_64_TO_32_BIT_CONVERSION = YES;
				GCC_WARN_ABOUT_RETURN_TYPE = YES_ERROR;
				GCC_WARN_UNDECLARED_SELECTOR = YES;
				GCC_WARN_UNINITIALIZED_AUTOS = YES_AGGRESSIVE;
				GCC_WARN_UNUSED_FUNCTION = YES;
				GCC_WARN_UNUSED_VARIABLE = YES;
				IPHONEOS_DEPLOYMENT_TARGET = 7.1;
				ONLY_ACTIVE_ARCH = YES;
				SDKROOT = iphoneos;
				TARGETED_DEVICE_FAMILY = "1,2";
			};
			name = Debug;
		};
		50E92DD5198E2D5600D6C224 /* Release */ = {
			isa = XCBuildConfiguration;
			buildSettings = {
				ALWAYS_SEARCH_USER_PATHS = NO;
				CLANG_CXX_LANGUAGE_STANDARD = "gnu++0x";
				CLANG_CXX_LIBRARY = "libc++";
				CLANG_ENABLE_MODULES = YES;
				CLANG_ENABLE_OBJC_ARC = YES;
				CLANG_WARN_BOOL_CONVERSION = YES;
				CLANG_WARN_CONSTANT_CONVERSION = YES;
				CLANG_WARN_DIRECT_OBJC_ISA_USAGE = YES_ERROR;
				CLANG_WARN_EMPTY_BODY = YES;
				CLANG_WARN_ENUM_CONVERSION = YES;
				CLANG_WARN_INT_CONVERSION = YES;
				CLANG_WARN_OBJC_ROOT_CLASS = YES_ERROR;
				CLANG_WARN__DUPLICATE_METHOD_MATCH = YES;
				"CODE_SIGN_IDENTITY[sdk=iphoneos*]" = "iPhone Developer";
				COPY_PHASE_STRIP = YES;
				ENABLE_NS_ASSERTIONS = NO;
				GCC_C_LANGUAGE_STANDARD = gnu99;
				GCC_WARN_64_TO_32_BIT_CONVERSION = YES;
				GCC_WARN_ABOUT_RETURN_TYPE = YES_ERROR;
				GCC_WARN_UNDECLARED_SELECTOR = YES;
				GCC_WARN_UNINITIALIZED_AUTOS = YES_AGGRESSIVE;
				GCC_WARN_UNUSED_FUNCTION = YES;
				GCC_WARN_UNUSED_VARIABLE = YES;
				IPHONEOS_DEPLOYMENT_TARGET = 7.1;
				SDKROOT = iphoneos;
				TARGETED_DEVICE_FAMILY = "1,2";
				VALIDATE_PRODUCT = YES;
			};
			name = Release;
		};
		50E92DD7198E2D5600D6C224 /* Debug */ = {
			isa = XCBuildConfiguration;
			buildSettings = {
				ASSETCATALOG_COMPILER_APPICON_NAME = AppIcon;
				ASSETCATALOG_COMPILER_LAUNCHIMAGE_NAME = LaunchImage;
				GCC_PRECOMPILE_PREFIX_HEADER = YES;
				GCC_PREFIX_HEADER = "TableViewBuddyExample/TableViewBuddyExample-Prefix.pch";
				INFOPLIST_FILE = "TableViewBuddyExample/TableViewBuddyExample-Info.plist";
				IPHONEOS_DEPLOYMENT_TARGET = 6.0;
				PRODUCT_NAME = "$(TARGET_NAME)";
				WRAPPER_EXTENSION = app;
			};
			name = Debug;
		};
		50E92DD8198E2D5600D6C224 /* Release */ = {
			isa = XCBuildConfiguration;
			buildSettings = {
				ASSETCATALOG_COMPILER_APPICON_NAME = AppIcon;
				ASSETCATALOG_COMPILER_LAUNCHIMAGE_NAME = LaunchImage;
				GCC_PRECOMPILE_PREFIX_HEADER = YES;
				GCC_PREFIX_HEADER = "TableViewBuddyExample/TableViewBuddyExample-Prefix.pch";
				INFOPLIST_FILE = "TableViewBuddyExample/TableViewBuddyExample-Info.plist";
				IPHONEOS_DEPLOYMENT_TARGET = 6.0;
				PRODUCT_NAME = "$(TARGET_NAME)";
				WRAPPER_EXTENSION = app;
			};
			name = Release;
		};
		50E92DDA198E2D5600D6C224 /* Debug */ = {
			isa = XCBuildConfiguration;
			buildSettings = {
				BUNDLE_LOADER = "$(BUILT_PRODUCTS_DIR)/TableViewBuddyExample.app/TableViewBuddyExample";
				FRAMEWORK_SEARCH_PATHS = (
					"$(SDKROOT)/Developer/Library/Frameworks",
					"$(inherited)",
					"$(DEVELOPER_FRAMEWORKS_DIR)",
				);
				GCC_PRECOMPILE_PREFIX_HEADER = YES;
				GCC_PREFIX_HEADER = "TableViewBuddyExample/TableViewBuddyExample-Prefix.pch";
				GCC_PREPROCESSOR_DEFINITIONS = (
					"DEBUG=1",
					"$(inherited)",
				);
				INFOPLIST_FILE = "TableViewBuddyExampleTests/TableViewBuddyExampleTests-Info.plist";
				PRODUCT_NAME = "$(TARGET_NAME)";
				TEST_HOST = "$(BUNDLE_LOADER)";
				WRAPPER_EXTENSION = xctest;
			};
			name = Debug;
		};
		50E92DDB198E2D5600D6C224 /* Release */ = {
			isa = XCBuildConfiguration;
			buildSettings = {
				BUNDLE_LOADER = "$(BUILT_PRODUCTS_DIR)/TableViewBuddyExample.app/TableViewBuddyExample";
				FRAMEWORK_SEARCH_PATHS = (
					"$(SDKROOT)/Developer/Library/Frameworks",
					"$(inherited)",
					"$(DEVELOPER_FRAMEWORKS_DIR)",
				);
				GCC_PRECOMPILE_PREFIX_HEADER = YES;
				GCC_PREFIX_HEADER = "TableViewBuddyExample/TableViewBuddyExample-Prefix.pch";
				INFOPLIST_FILE = "TableViewBuddyExampleTests/TableViewBuddyExampleTests-Info.plist";
				PRODUCT_NAME = "$(TARGET_NAME)";
				TEST_HOST = "$(BUNDLE_LOADER)";
				WRAPPER_EXTENSION = xctest;
			};
			name = Release;
		};
/* End XCBuildConfiguration section */

/* Begin XCConfigurationList section */
		50E92DA5198E2D5600D6C224 /* Build configuration list for PBXProject "TableViewBuddyExample" */ = {
			isa = XCConfigurationList;
			buildConfigurations = (
				50E92DD4198E2D5600D6C224 /* Debug */,
				50E92DD5198E2D5600D6C224 /* Release */,
			);
			defaultConfigurationIsVisible = 0;
			defaultConfigurationName = Release;
		};
		50E92DD6198E2D5600D6C224 /* Build configuration list for PBXNativeTarget "TableViewBuddyExample" */ = {
			isa = XCConfigurationList;
			buildConfigurations = (
				50E92DD7198E2D5600D6C224 /* Debug */,
				50E92DD8198E2D5600D6C224 /* Release */,
			);
			defaultConfigurationIsVisible = 0;
			defaultConfigurationName = Release;
		};
		50E92DD9198E2D5600D6C224 /* Build configuration list for PBXNativeTarget "TableViewBuddyExampleTests" */ = {
			isa = XCConfigurationList;
			buildConfigurations = (
				50E92DDA198E2D5600D6C224 /* Debug */,
				50E92DDB198E2D5600D6C224 /* Release */,
			);
			defaultConfigurationIsVisible = 0;
			defaultConfigurationName = Release;
		};
/* End XCConfigurationList section */
	};
	rootObject = 50E92DA2198E2D5600D6C224 /* Project object */;
}
